
Microsoft Visual Studio Solution File, Format Version 12.00
# Visual Studio Version 17
VisualStudioVersion = 17.9.34616.47
MinimumVisualStudioVersion = 10.0.40219.1
Project("{FAE04EC0-301F-11D3-BF4B-00C04F79EFBC}") = "MinesweeperApi", "MinesweeperApi\MinesweeperApi.csproj", "{98AF06D6-EE06-4E40-B328-9CA3C19E6995}"
EndProject
Global
	GlobalSection(SolutionConfigurationPlatforms) = preSolution
		Debug|Any CPU = Debug|Any CPU
		Release|Any CPU = Release|Any CPU
	EndGlobalSection
	GlobalSection(ProjectConfigurationPlatforms) = postSolution
		{98AF06D6-EE06-4E40-B328-9CA3C19E6995}.Debug|Any CPU.ActiveCfg = Debug|Any CPU
		{98AF06D6-EE06-4E40-B328-9CA3C19E6995}.Debug|Any CPU.Build.0 = Debug|Any CPU
		{98AF06D6-EE06-4E40-B328-9CA3C19E6995}.Release|Any CPU.ActiveCfg = Release|Any CPU
		{98AF06D6-EE06-4E40-B328-9CA3C19E6995}.Release|Any CPU.Build.0 = Release|Any CPU
	EndGlobalSection
	GlobalSection(SolutionProperties) = preSolution
		HideSolutionNode = FALSE
	EndGlobalSection
	GlobalSection(ExtensibilityGlobals) = postSolution
		SolutionGuid = {95387330-2A3D-4BDE-A2F9-0FC5B1421213}
	EndGlobalSection
EndGlobal
